{
  "pins" : [
    {
      "identity" : "codescanner",
      "kind" : "remoteSourceControl",
      "location" : "https://github.com/kumarlav0/CodeScanner",
      "state" : {
        "branch" : "main",
        "revision" : "39f2cab721227a4b68a15f22602549490cc39270"
      }
    },
    {
      "identity" : "storyui",
      "kind" : "remoteSourceControl",
      "location" : "https://github.com/tiskender2/StoryUI",
      "state" : {
        "revision" : "ff9d6f5c1f8cff5a9b5f9f79d9e03ffc3d17b6f8",
        "version" : "1.5.3"
      }
    },
    {
      "identity" : "swiftui-image-viewer",
      "kind" : "remoteSourceControl",
      "location" : "https://github.com/Jake-Short/swiftui-image-viewer",
      "state" : {
        "revision" : "f61f298c0100c81dfb0c7908091e68aad12a892c",
        "version" : "2.3.1"
      }
    },
    {
      "identity" : "url-image",
      "kind" : "remoteSourceControl",
      "location" : "https://github.com/dmytro-anokhin/url-image.git",
      "state" : {
        "revision" : "ccab89ad1cedb04f25dd4df1776dd8c8583b914a",
        "version" : "2.2.5"
      }
    }
  ],
  "version" : 2
}
